// !$*UTF8*$!
{
	archiveVersion = 1;
	classes = {
	};
	objectVersion = 55;
	objects = {

/* Begin PBXBuildFile section */
		C40C44A327ABFD3B006CA711 /* AppDelegate.swift in Sources */ = {isa = PBXBuildFile; fileRef = C40C44A227ABFD3B006CA711 /* AppDelegate.swift */; };
		C40C44A727ABFD3B006CA711 /* HomeViewController.swift in Sources */ = {isa = PBXBuildFile; fileRef = C40C44A627ABFD3B006CA711 /* HomeViewController.swift */; };
		C40C44AC27ABFD40006CA711 /* Assets.xcassets in Resources */ = {isa = PBXBuildFile; fileRef = C40C44AB27ABFD40006CA711 /* Assets.xcassets */; };
		C40C44AF27ABFD40006CA711 /* LaunchScreen.storyboard in Resources */ = {isa = PBXBuildFile; fileRef = C40C44AD27ABFD40006CA711 /* LaunchScreen.storyboard */; };
		C40C44BA27ABFD40006CA711 /* mvvm_combine_swiftTests.swift in Sources */ = {isa = PBXBuildFile; fileRef = C40C44B927ABFD40006CA711 /* mvvm_combine_swiftTests.swift */; };
		C40C44C427ABFD40006CA711 /* mvvm_combine_swiftUITests.swift in Sources */ = {isa = PBXBuildFile; fileRef = C40C44C327ABFD40006CA711 /* mvvm_combine_swiftUITests.swift */; };
		C40C44C627ABFD40006CA711 /* mvvm_combine_swiftUITestsLaunchTests.swift in Sources */ = {isa = PBXBuildFile; fileRef = C40C44C527ABFD40006CA711 /* mvvm_combine_swiftUITestsLaunchTests.swift */; };
		C40C44D427ABFD82006CA711 /* HomeViewModel.swift in Sources */ = {isa = PBXBuildFile; fileRef = C40C44D327ABFD82006CA711 /* HomeViewModel.swift */; };
		C40C44D927ABFDA1006CA711 /* HomeView.swift in Sources */ = {isa = PBXBuildFile; fileRef = C40C44D827ABFDA1006CA711 /* HomeView.swift */; };
		C40C44DD27ABFDE7006CA711 /* ViewCode.swift in Sources */ = {isa = PBXBuildFile; fileRef = C40C44DC27ABFDE7006CA711 /* ViewCode.swift */; };
		C40C44E527AC0DB7006CA711 /* HomeModel.swift in Sources */ = {isa = PBXBuildFile; fileRef = C40C44E427AC0DB6006CA711 /* HomeModel.swift */; };
		C40C44E827AC127D006CA711 /* NVActivityIndicatorView in Frameworks */ = {isa = PBXBuildFile; productRef = C40C44E727AC127D006CA711 /* NVActivityIndicatorView */; };
		C40C44EA27AC127D006CA711 /* NVActivityIndicatorViewExtended in Frameworks */ = {isa = PBXBuildFile; productRef = C40C44E927AC127D006CA711 /* NVActivityIndicatorViewExtended */; };
		C40C44EF27AC60E9006CA711 /* UIControl+Extensions.swift in Sources */ = {isa = PBXBuildFile; fileRef = C40C44EE27AC60E9006CA711 /* UIControl+Extensions.swift */; };
/* End PBXBuildFile section */

/* Begin PBXContainerItemProxy section */
		C40C44B627ABFD40006CA711 /* PBXContainerItemProxy */ = {
			isa = PBXContainerItemProxy;
			containerPortal = C40C449727ABFD3A006CA711 /* Project object */;
			proxyType = 1;
			remoteGlobalIDString = C40C449E27ABFD3B006CA711;
			remoteInfo = "mvvm+combine-swift";
		};
		C40C44C027ABFD40006CA711 /* PBXContainerItemProxy */ = {
			isa = PBXContainerItemProxy;
			containerPortal = C40C449727ABFD3A006CA711 /* Project object */;
			proxyType = 1;
			remoteGlobalIDString = C40C449E27ABFD3B006CA711;
			remoteInfo = "mvvm+combine-swift";
		};
/* End PBXContainerItemProxy section */

/* Begin PBXFileReference section */
		C40C449F27ABFD3B006CA711 /* mvvm+combine-swift.app */ = {isa = PBXFileReference; explicitFileType = wrapper.application; includeInIndex = 0; path = "mvvm+combine-swift.app"; sourceTree = BUILT_PRODUCTS_DIR; };
		C40C44A227ABFD3B006CA711 /* AppDelegate.swift */ = {isa = PBXFileReference; lastKnownFileType = sourcecode.swift; path = AppDelegate.swift; sourceTree = "<group>"; };
		C40C44A627ABFD3B006CA711 /* HomeViewController.swift */ = {isa = PBXFileReference; lastKnownFileType = sourcecode.swift; path = HomeViewController.swift; sourceTree = "<group>"; };
		C40C44AB27ABFD40006CA711 /* Assets.xcassets */ = {isa = PBXFileReference; lastKnownFileType = folder.assetcatalog; path = Assets.xcassets; sourceTree = "<group>"; };
		C40C44AE27ABFD40006CA711 /* Base */ = {isa = PBXFileReference; lastKnownFileType = file.storyboard; name = Base; path = Base.lproj/LaunchScreen.storyboard; sourceTree = "<group>"; };
		C40C44B027ABFD40006CA711 /* Info.plist */ = {isa = PBXFileReference; lastKnownFileType = text.plist.xml; path = Info.plist; sourceTree = "<group>"; };
		C40C44B527ABFD40006CA711 /* mvvm+combine-swiftTests.xctest */ = {isa = PBXFileReference; explicitFileType = wrapper.cfbundle; includeInIndex = 0; path = "mvvm+combine-swiftTests.xctest"; sourceTree = BUILT_PRODUCTS_DIR; };
		C40C44B927ABFD40006CA711 /* mvvm_combine_swiftTests.swift */ = {isa = PBXFileReference; lastKnownFileType = sourcecode.swift; path = mvvm_combine_swiftTests.swift; sourceTree = "<group>"; };
		C40C44BF27ABFD40006CA711 /* mvvm+combine-swiftUITests.xctest */ = {isa = PBXFileReference; explicitFileType = wrapper.cfbundle; includeInIndex = 0; path = "mvvm+combine-swiftUITests.xctest"; sourceTree = BUILT_PRODUCTS_DIR; };
		C40C44C327ABFD40006CA711 /* mvvm_combine_swiftUITests.swift */ = {isa = PBXFileReference; lastKnownFileType = sourcecode.swift; path = mvvm_combine_swiftUITests.swift; sourceTree = "<group>"; };
		C40C44C527ABFD40006CA711 /* mvvm_combine_swiftUITestsLaunchTests.swift */ = {isa = PBXFileReference; lastKnownFileType = sourcecode.swift; path = mvvm_combine_swiftUITestsLaunchTests.swift; sourceTree = "<group>"; };
		C40C44D327ABFD82006CA711 /* HomeViewModel.swift */ = {isa = PBXFileReference; lastKnownFileType = sourcecode.swift; path = HomeViewModel.swift; sourceTree = "<group>"; };
		C40C44D827ABFDA1006CA711 /* HomeView.swift */ = {isa = PBXFileReference; lastKnownFileType = sourcecode.swift; path = HomeView.swift; sourceTree = "<group>"; };
		C40C44DC27ABFDE7006CA711 /* ViewCode.swift */ = {isa = PBXFileReference; lastKnownFileType = sourcecode.swift; path = ViewCode.swift; sourceTree = "<group>"; };
		C40C44E427AC0DB6006CA711 /* HomeModel.swift */ = {isa = PBXFileReference; lastKnownFileType = sourcecode.swift; path = HomeModel.swift; sourceTree = "<group>"; };
		C40C44EE27AC60E9006CA711 /* UIControl+Extensions.swift */ = {isa = PBXFileReference; lastKnownFileType = sourcecode.swift; path = "UIControl+Extensions.swift"; sourceTree = "<group>"; };
/* End PBXFileReference section */

/* Begin PBXFrameworksBuildPhase section */
		C40C449C27ABFD3B006CA711 /* Frameworks */ = {
			isa = PBXFrameworksBuildPhase;
			buildActionMask = 2147483647;
			files = (
				C40C44E827AC127D006CA711 /* NVActivityIndicatorView in Frameworks */,
				C40C44EA27AC127D006CA711 /* NVActivityIndicatorViewExtended in Frameworks */,
			);
			runOnlyForDeploymentPostprocessing = 0;
		};
		C40C44B227ABFD40006CA711 /* Frameworks */ = {
			isa = PBXFrameworksBuildPhase;
			buildActionMask = 2147483647;
			files = (
			);
			runOnlyForDeploymentPostprocessing = 0;
		};
		C40C44BC27ABFD40006CA711 /* Frameworks */ = {
			isa = PBXFrameworksBuildPhase;
			buildActionMask = 2147483647;
			files = (
			);
			runOnlyForDeploymentPostprocessing = 0;
		};
/* End PBXFrameworksBuildPhase section */

/* Begin PBXGroup section */
		C40C449627ABFD3A006CA711 = {
			isa = PBXGroup;
			children = (
				C40C44A127ABFD3B006CA711 /* mvvm+combine-swift */,
				C40C44B827ABFD40006CA711 /* mvvm+combine-swiftTests */,
				C40C44C227ABFD40006CA711 /* mvvm+combine-swiftUITests */,
				C40C44A027ABFD3B006CA711 /* Products */,
			);
			sourceTree = "<group>";
		};
		C40C44A027ABFD3B006CA711 /* Products */ = {
			isa = PBXGroup;
			children = (
				C40C449F27ABFD3B006CA711 /* mvvm+combine-swift.app */,
				C40C44B527ABFD40006CA711 /* mvvm+combine-swiftTests.xctest */,
				C40C44BF27ABFD40006CA711 /* mvvm+combine-swiftUITests.xctest */,
			);
			name = Products;
			sourceTree = "<group>";
		};
		C40C44A127ABFD3B006CA711 /* mvvm+combine-swift */ = {
			isa = PBXGroup;
			children = (
				C40C44DE27ABFE56006CA711 /* Modules */,
				C40C44DA27ABFDBF006CA711 /* Core */,
				C40C44A227ABFD3B006CA711 /* AppDelegate.swift */,
				C40C44AB27ABFD40006CA711 /* Assets.xcassets */,
				C40C44AD27ABFD40006CA711 /* LaunchScreen.storyboard */,
				C40C44B027ABFD40006CA711 /* Info.plist */,
			);
			path = "mvvm+combine-swift";
			sourceTree = "<group>";
		};
		C40C44B827ABFD40006CA711 /* mvvm+combine-swiftTests */ = {
			isa = PBXGroup;
			children = (
				C40C44B927ABFD40006CA711 /* mvvm_combine_swiftTests.swift */,
			);
			path = "mvvm+combine-swiftTests";
			sourceTree = "<group>";
		};
		C40C44C227ABFD40006CA711 /* mvvm+combine-swiftUITests */ = {
			isa = PBXGroup;
			children = (
				C40C44C327ABFD40006CA711 /* mvvm_combine_swiftUITests.swift */,
				C40C44C527ABFD40006CA711 /* mvvm_combine_swiftUITestsLaunchTests.swift */,
			);
			path = "mvvm+combine-swiftUITests";
			sourceTree = "<group>";
		};
		C40C44D227ABFD60006CA711 /* Home  */ = {
			isa = PBXGroup;
			children = (
				C40C44E027ABFE68006CA711 /* Model */,
				C40C44DF27ABFE60006CA711 /* View */,
			);
			path = "Home ";
			sourceTree = "<group>";
		};
		C40C44DA27ABFDBF006CA711 /* Core */ = {
			isa = PBXGroup;
			children = (
				C40C44EB27AC1293006CA711 /* Common */,
				C40C44DB27ABFDD6006CA711 /* Protocols */,
			);
			path = Core;
			sourceTree = "<group>";
		};
		C40C44DB27ABFDD6006CA711 /* Protocols */ = {
			isa = PBXGroup;
			children = (
				C40C44DC27ABFDE7006CA711 /* ViewCode.swift */,
			);
			path = Protocols;
			sourceTree = "<group>";
		};
		C40C44DE27ABFE56006CA711 /* Modules */ = {
			isa = PBXGroup;
			children = (
				C40C44D227ABFD60006CA711 /* Home  */,
			);
			path = Modules;
			sourceTree = "<group>";
		};
		C40C44DF27ABFE60006CA711 /* View */ = {
			isa = PBXGroup;
			children = (
				C40C44A627ABFD3B006CA711 /* HomeViewController.swift */,
				C40C44D327ABFD82006CA711 /* HomeViewModel.swift */,
				C40C44D827ABFDA1006CA711 /* HomeView.swift */,
			);
			path = View;
			sourceTree = "<group>";
		};
		C40C44E027ABFE68006CA711 /* Model */ = {
			isa = PBXGroup;
			children = (
				C40C44E427AC0DB6006CA711 /* HomeModel.swift */,
			);
			path = Model;
			sourceTree = "<group>";
		};
		C40C44EB27AC1293006CA711 /* Common */ = {
			isa = PBXGroup;
			children = (
				C40C44EE27AC60E9006CA711 /* UIControl+Extensions.swift */,
			);
			path = Common;
			sourceTree = "<group>";
		};
/* End PBXGroup section */

/* Begin PBXNativeTarget section */
		C40C449E27ABFD3B006CA711 /* mvvm+combine-swift */ = {
			isa = PBXNativeTarget;
			buildConfigurationList = C40C44C927ABFD40006CA711 /* Build configuration list for PBXNativeTarget "mvvm+combine-swift" */;
			buildPhases = (
				C40C449B27ABFD3B006CA711 /* Sources */,
				C40C449C27ABFD3B006CA711 /* Frameworks */,
				C40C449D27ABFD3B006CA711 /* Resources */,
			);
			buildRules = (
			);
			dependencies = (
			);
			name = "mvvm+combine-swift";
			packageProductDependencies = (
				C40C44E727AC127D006CA711 /* NVActivityIndicatorView */,
				C40C44E927AC127D006CA711 /* NVActivityIndicatorViewExtended */,
			);
			productName = "mvvm+combine-swift";
			productReference = C40C449F27ABFD3B006CA711 /* mvvm+combine-swift.app */;
			productType = "com.apple.product-type.application";
		};
		C40C44B427ABFD40006CA711 /* mvvm+combine-swiftTests */ = {
			isa = PBXNativeTarget;
			buildConfigurationList = C40C44CC27ABFD40006CA711 /* Build configuration list for PBXNativeTarget "mvvm+combine-swiftTests" */;
			buildPhases = (
				C40C44B127ABFD40006CA711 /* Sources */,
				C40C44B227ABFD40006CA711 /* Frameworks */,
				C40C44B327ABFD40006CA711 /* Resources */,
			);
			buildRules = (
			);
			dependencies = (
				C40C44B727ABFD40006CA711 /* PBXTargetDependency */,
			);
			name = "mvvm+combine-swiftTests";
			productName = "mvvm+combine-swiftTests";
			productReference = C40C44B527ABFD40006CA711 /* mvvm+combine-swiftTests.xctest */;
			productType = "com.apple.product-type.bundle.unit-test";
		};
		C40C44BE27ABFD40006CA711 /* mvvm+combine-swiftUITests */ = {
			isa = PBXNativeTarget;
			buildConfigurationList = C40C44CF27ABFD40006CA711 /* Build configuration list for PBXNativeTarget "mvvm+combine-swiftUITests" */;
			buildPhases = (
				C40C44BB27ABFD40006CA711 /* Sources */,
				C40C44BC27ABFD40006CA711 /* Frameworks */,
				C40C44BD27ABFD40006CA711 /* Resources */,
			);
			buildRules = (
			);
			dependencies = (
				C40C44C127ABFD40006CA711 /* PBXTargetDependency */,
			);
			name = "mvvm+combine-swiftUITests";
			productName = "mvvm+combine-swiftUITests";
			productReference = C40C44BF27ABFD40006CA711 /* mvvm+combine-swiftUITests.xctest */;
			productType = "com.apple.product-type.bundle.ui-testing";
		};
/* End PBXNativeTarget section */

/* Begin PBXProject section */
		C40C449727ABFD3A006CA711 /* Project object */ = {
			isa = PBXProject;
			attributes = {
				BuildIndependentTargetsInParallel = 1;
				LastSwiftUpdateCheck = 1320;
				LastUpgradeCheck = 1320;
				TargetAttributes = {
					C40C449E27ABFD3B006CA711 = {
						CreatedOnToolsVersion = 13.2.1;
					};
					C40C44B427ABFD40006CA711 = {
						CreatedOnToolsVersion = 13.2.1;
						TestTargetID = C40C449E27ABFD3B006CA711;
					};
					C40C44BE27ABFD40006CA711 = {
						CreatedOnToolsVersion = 13.2.1;
						TestTargetID = C40C449E27ABFD3B006CA711;
					};
				};
			};
			buildConfigurationList = C40C449A27ABFD3A006CA711 /* Build configuration list for PBXProject "mvvm+combine-swift" */;
			compatibilityVersion = "Xcode 13.0";
			developmentRegion = en;
			hasScannedForEncodings = 0;
			knownRegions = (
				en,
				Base,
			);
			mainGroup = C40C449627ABFD3A006CA711;
			packageReferences = (
				C40C44E627AC127D006CA711 /* XCRemoteSwiftPackageReference "NVActivityIndicatorView" */,
			);
			productRefGroup = C40C44A027ABFD3B006CA711 /* Products */;
			projectDirPath = "";
			projectRoot = "";
			targets = (
				C40C449E27ABFD3B006CA711 /* mvvm+combine-swift */,
				C40C44B427ABFD40006CA711 /* mvvm+combine-swiftTests */,
				C40C44BE27ABFD40006CA711 /* mvvm+combine-swiftUITests */,
			);
		};
/* End PBXProject section */

/* Begin PBXResourcesBuildPhase section */
		C40C449D27ABFD3B006CA711 /* Resources */ = {
			isa = PBXResourcesBuildPhase;
			buildActionMask = 2147483647;
			files = (
				C40C44AF27ABFD40006CA711 /* LaunchScreen.storyboard in Resources */,
				C40C44AC27ABFD40006CA711 /* Assets.xcassets in Resources */,
			);
			runOnlyForDeploymentPostprocessing = 0;
		};
		C40C44B327ABFD40006CA711 /* Resources */ = {
			isa = PBXResourcesBuildPhase;
			buildActionMask = 2147483647;
			files = (
			);
			runOnlyForDeploymentPostprocessing = 0;
		};
		C40C44BD27ABFD40006CA711 /* Resources */ = {
			isa = PBXResourcesBuildPhase;
			buildActionMask = 2147483647;
			files = (
			);
			runOnlyForDeploymentPostprocessing = 0;
		};
/* End PBXResourcesBuildPhase section */

/* Begin PBXSourcesBuildPhase section */
		C40C449B27ABFD3B006CA711 /* Sources */ = {
			isa = PBXSourcesBuildPhase;
			buildActionMask = 2147483647;
			files = (
				C40C44A727ABFD3B006CA711 /* HomeViewController.swift in Sources */,
				C40C44A327ABFD3B006CA711 /* AppDelegate.swift in Sources */,
				C40C44E527AC0DB7006CA711 /* HomeModel.swift in Sources */,
				C40C44D927ABFDA1006CA711 /* HomeView.swift in Sources */,
				C40C44D427ABFD82006CA711 /* HomeViewModel.swift in Sources */,
				C40C44DD27ABFDE7006CA711 /* ViewCode.swift in Sources */,
				C40C44EF27AC60E9006CA711 /* UIControl+Extensions.swift in Sources */,
			);
			runOnlyForDeploymentPostprocessing = 0;
		};
		C40C44B127ABFD40006CA711 /* Sources */ = {
			isa = PBXSourcesBuildPhase;
			buildActionMask = 2147483647;
			files = (
				C40C44BA27ABFD40006CA711 /* mvvm_combine_swiftTests.swift in Sources */,
			);
			runOnlyForDeploymentPostprocessing = 0;
		};
		C40C44BB27ABFD40006CA711 /* Sources */ = {
			isa = PBXSourcesBuildPhase;
			buildActionMask = 2147483647;
			files = (
				C40C44C627ABFD40006CA711 /* mvvm_combine_swiftUITestsLaunchTests.swift in Sources */,
				C40C44C427ABFD40006CA711 /* mvvm_combine_swiftUITests.swift in Sources */,
			);
			runOnlyForDeploymentPostprocessing = 0;
		};
/* End PBXSourcesBuildPhase section */

/* Begin PBXTargetDependency section */
		C40C44B727ABFD40006CA711 /* PBXTargetDependency */ = {
			isa = PBXTargetDependency;
			target = C40C449E27ABFD3B006CA711 /* mvvm+combine-swift */;
			targetProxy = C40C44B627ABFD40006CA711 /* PBXContainerItemProxy */;
		};
		C40C44C127ABFD40006CA711 /* PBXTargetDependency */ = {
			isa = PBXTargetDependency;
			target = C40C449E27ABFD3B006CA711 /* mvvm+combine-swift */;
			targetProxy = C40C44C027ABFD40006CA711 /* PBXContainerItemProxy */;
		};
/* End PBXTargetDependency section */

/* Begin PBXVariantGroup section */
		C40C44AD27ABFD40006CA711 /* LaunchScreen.storyboard */ = {
			isa = PBXVariantGroup;
			children = (
				C40C44AE27ABFD40006CA711 /* Base */,
			);
			name = LaunchScreen.storyboard;
			sourceTree = "<group>";
		};
/* End PBXVariantGroup section */

/* Begin XCBuildConfiguration section */
		C40C44C727ABFD40006CA711 /* Debug */ = {
			isa = XCBuildConfiguration;
			buildSettings = {
				ALWAYS_SEARCH_USER_PATHS = NO;
				CLANG_ANALYZER_NONNULL = YES;
				CLANG_ANALYZER_NUMBER_OBJECT_CONVERSION = YES_AGGRESSIVE;
				CLANG_CXX_LANGUAGE_STANDARD = "gnu++17";
				CLANG_CXX_LIBRARY = "libc++";
				CLANG_ENABLE_MODULES = YES;
				CLANG_ENABLE_OBJC_ARC = YES;
				CLANG_ENABLE_OBJC_WEAK = YES;
				CLANG_WARN_BLOCK_CAPTURE_AUTORELEASING = YES;
				CLANG_WARN_BOOL_CONVERSION = YES;
				CLANG_WARN_COMMA = YES;
				CLANG_WARN_CONSTANT_CONVERSION = YES;
				CLANG_WARN_DEPRECATED_OBJC_IMPLEMENTATIONS = YES;
				CLANG_WARN_DIRECT_OBJC_ISA_USAGE = YES_ERROR;
				CLANG_WARN_DOCUMENTATION_COMMENTS = YES;
				CLANG_WARN_EMPTY_BODY = YES;
				CLANG_WARN_ENUM_CONVERSION = YES;
				CLANG_WARN_INFINITE_RECURSION = YES;
				CLANG_WARN_INT_CONVERSION = YES;
				CLANG_WARN_NON_LITERAL_NULL_CONVERSION = YES;
				CLANG_WARN_OBJC_IMPLICIT_RETAIN_SELF = YES;
				CLANG_WARN_OBJC_LITERAL_CONVERSION = YES;
				CLANG_WARN_OBJC_ROOT_CLASS = YES_ERROR;
				CLANG_WARN_QUOTED_INCLUDE_IN_FRAMEWORK_HEADER = YES;
				CLANG_WARN_RANGE_LOOP_ANALYSIS = YES;
				CLANG_WARN_STRICT_PROTOTYPES = YES;
				CLANG_WARN_SUSPICIOUS_MOVE = YES;
				CLANG_WARN_UNGUARDED_AVAILABILITY = YES_AGGRESSIVE;
				CLANG_WARN_UNREACHABLE_CODE = YES;
				CLANG_WARN__DUPLICATE_METHOD_MATCH = YES;
				COPY_PHASE_STRIP = NO;
				DEBUG_INFORMATION_FORMAT = dwarf;
				ENABLE_STRICT_OBJC_MSGSEND = YES;
				ENABLE_TESTABILITY = YES;
				GCC_C_LANGUAGE_STANDARD = gnu11;
				GCC_DYNAMIC_NO_PIC = NO;
				GCC_NO_COMMON_BLOCKS = YES;
				GCC_OPTIMIZATION_LEVEL = 0;
				GCC_PREPROCESSOR_DEFINITIONS = (
					"DEBUG=1",
					"$(inherited)",
				);
				GCC_WARN_64_TO_32_BIT_CONVERSION = YES;
				GCC_WARN_ABOUT_RETURN_TYPE = YES_ERROR;
				GCC_WARN_UNDECLARED_SELECTOR = YES;
				GCC_WARN_UNINITIALIZED_AUTOS = YES_AGGRESSIVE;
				GCC_WARN_UNUSED_FUNCTION = YES;
				GCC_WARN_UNUSED_VARIABLE = YES;
				IPHONEOS_DEPLOYMENT_TARGET = 15.2;
				MTL_ENABLE_DEBUG_INFO = INCLUDE_SOURCE;
				MTL_FAST_MATH = YES;
				ONLY_ACTIVE_ARCH = YES;
				SDKROOT = iphoneos;
				SWIFT_ACTIVE_COMPILATION_CONDITIONS = DEBUG;
				SWIFT_OPTIMIZATION_LEVEL = "-Onone";
			};
			name = Debug;
		};
		C40C44C827ABFD40006CA711 /* Release */ = {
			isa = XCBuildConfiguration;
			buildSettings = {
				ALWAYS_SEARCH_USER_PATHS = NO;
				CLANG_ANALYZER_NONNULL = YES;
				CLANG_ANALYZER_NUMBER_OBJECT_CONVERSION = YES_AGGRESSIVE;
				CLANG_CXX_LANGUAGE_STANDARD = "gnu++17";
				CLANG_CXX_LIBRARY = "libc++";
				CLANG_ENABLE_MODULES = YES;
				CLANG_ENABLE_OBJC_ARC = YES;
				CLANG_ENABLE_OBJC_WEAK = YES;
				CLANG_WARN_BLOCK_CAPTURE_AUTORELEASING = YES;
				CLANG_WARN_BOOL_CONVERSION = YES;
				CLANG_WARN_COMMA = YES;
				CLANG_WARN_CONSTANT_CONVERSION = YES;
				CLANG_WARN_DEPRECATED_OBJC_IMPLEMENTATIONS = YES;
				CLANG_WARN_DIRECT_OBJC_ISA_USAGE = YES_ERROR;
				CLANG_WARN_DOCUMENTATION_COMMENTS = YES;
				CLANG_WARN_EMPTY_BODY = YES;
				CLANG_WARN_ENUM_CONVERSION = YES;
				CLANG_WARN_INFINITE_RECURSION = YES;
				CLANG_WARN_INT_CONVERSION = YES;
				CLANG_WARN_NON_LITERAL_NULL_CONVERSION = YES;
				CLANG_WARN_OBJC_IMPLICIT_RETAIN_SELF = YES;
				CLANG_WARN_OBJC_LITERAL_CONVERSION = YES;
				CLANG_WARN_OBJC_ROOT_CLASS = YES_ERROR;
				CLANG_WARN_QUOTED_INCLUDE_IN_FRAMEWORK_HEADER = YES;
				CLANG_WARN_RANGE_LOOP_ANALYSIS = YES;
				CLANG_WARN_STRICT_PROTOTYPES = YES;
				CLANG_WARN_SUSPICIOUS_MOVE = YES;
				CLANG_WARN_UNGUARDED_AVAILABILITY = YES_AGGRESSIVE;
				CLANG_WARN_UNREACHABLE_CODE = YES;
				CLANG_WARN__DUPLICATE_METHOD_MATCH = YES;
				COPY_PHASE_STRIP = NO;
				DEBUG_INFORMATION_FORMAT = "dwarf-with-dsym";
				ENABLE_NS_ASSERTIONS = NO;
				ENABLE_STRICT_OBJC_MSGSEND = YES;
				GCC_C_LANGUAGE_STANDARD = gnu11;
				GCC_NO_COMMON_BLOCKS = YES;
				GCC_WARN_64_TO_32_BIT_CONVERSION = YES;
				GCC_WARN_ABOUT_RETURN_TYPE = YES_ERROR;
				GCC_WARN_UNDECLARED_SELECTOR = YES;
				GCC_WARN_UNINITIALIZED_AUTOS = YES_AGGRESSIVE;
				GCC_WARN_UNUSED_FUNCTION = YES;
				GCC_WARN_UNUSED_VARIABLE = YES;
				IPHONEOS_DEPLOYMENT_TARGET = 15.2;
				MTL_ENABLE_DEBUG_INFO = NO;
				MTL_FAST_MATH = YES;
				SDKROOT = iphoneos;
				SWIFT_COMPILATION_MODE = wholemodule;
				SWIFT_OPTIMIZATION_LEVEL = "-O";
				VALIDATE_PRODUCT = YES;
			};
			name = Release;
		};
		C40C44CA27ABFD40006CA711 /* Debug */ = {
			isa = XCBuildConfiguration;
			buildSettings = {
				ASSETCATALOG_COMPILER_APPICON_NAME = AppIcon;
				ASSETCATALOG_COMPILER_GLOBAL_ACCENT_COLOR_NAME = AccentColor;
				CODE_SIGN_STYLE = Automatic;
				CURRENT_PROJECT_VERSION = 1;
				DEVELOPMENT_TEAM = WG2UXQL3Q9;
				GENERATE_INFOPLIST_FILE = YES;
				INFOPLIST_FILE = "mvvm+combine-swift/Info.plist";
				INFOPLIST_KEY_UIApplicationSupportsIndirectInputEvents = YES;
				INFOPLIST_KEY_UILaunchStoryboardName = LaunchScreen;
				INFOPLIST_KEY_UISupportedInterfaceOrientations_iPad = "UIInterfaceOrientationPortrait UIInterfaceOrientationPortraitUpsideDown UIInterfaceOrientationLandscapeLeft UIInterfaceOrientationLandscapeRight";
				INFOPLIST_KEY_UISupportedInterfaceOrientations_iPhone = "UIInterfaceOrientationPortrait UIInterfaceOrientationLandscapeLeft UIInterfaceOrientationLandscapeRight";
				LD_RUNPATH_SEARCH_PATHS = (
					"$(inherited)",
					"@executable_path/Frameworks",
				);
				MARKETING_VERSION = 1.0;
				PRODUCT_BUNDLE_IDENTIFIER = "br.com.joaoduartemariucio.study.mvvm-combine-swift";
				PRODUCT_NAME = "$(TARGET_NAME)";
				SWIFT_EMIT_LOC_STRINGS = YES;
				SWIFT_VERSION = 5.0;
				TARGETED_DEVICE_FAMILY = "1,2";
			};
			name = Debug;
		};
		C40C44CB27ABFD40006CA711 /* Release */ = {
			isa = XCBuildConfiguration;
			buildSettings = {
				ASSETCATALOG_COMPILER_APPICON_NAME = AppIcon;
				ASSETCATALOG_COMPILER_GLOBAL_ACCENT_COLOR_NAME = AccentColor;
				CODE_SIGN_STYLE = Automatic;
				CURRENT_PROJECT_VERSION = 1;
				DEVELOPMENT_TEAM = WG2UXQL3Q9;
				GENERATE_INFOPLIST_FILE = YES;
				INFOPLIST_FILE = "mvvm+combine-swift/Info.plist";
				INFOPLIST_KEY_UIApplicationSupportsIndirectInputEvents = YES;
				INFOPLIST_KEY_UILaunchStoryboardName = LaunchScreen;
				INFOPLIST_KEY_UISupportedInterfaceOrientations_iPad = "UIInterfaceOrientationPortrait UIInterfaceOrientationPortraitUpsideDown UIInterfaceOrientationLandscapeLeft UIInterfaceOrientationLandscapeRight";
				INFOPLIST_KEY_UISupportedInterfaceOrientations_iPhone = "UIInterfaceOrientationPortrait UIInterfaceOrientationLandscapeLeft UIInterfaceOrientationLandscapeRight";
				LD_RUNPATH_SEARCH_PATHS = (
					"$(inherited)",
					"@executable_path/Frameworks",
				);
				MARKETING_VERSION = 1.0;
				PRODUCT_BUNDLE_IDENTIFIER = "br.com.joaoduartemariucio.study.mvvm-combine-swift";
				PRODUCT_NAME = "$(TARGET_NAME)";
				SWIFT_EMIT_LOC_STRINGS = YES;
				SWIFT_VERSION = 5.0;
				TARGETED_DEVICE_FAMILY = "1,2";
			};
			name = Release;
		};
		C40C44CD27ABFD40006CA711 /* Debug */ = {
			isa = XCBuildConfiguration;
			buildSettings = {
				ALWAYS_EMBED_SWIFT_STANDARD_LIBRARIES = YES;
				BUNDLE_LOADER = "$(TEST_HOST)";
				CODE_SIGN_STYLE = Automatic;
				CURRENT_PROJECT_VERSION = 1;
				DEVELOPMENT_TEAM = WG2UXQL3Q9;
				GENERATE_INFOPLIST_FILE = YES;
				IPHONEOS_DEPLOYMENT_TARGET = 15.2;
				MARKETING_VERSION = 1.0;
				PRODUCT_BUNDLE_IDENTIFIER = "br.com.joaoduartemariucio.study.mvvm-combine-swiftTests";
				PRODUCT_NAME = "$(TARGET_NAME)";
				SWIFT_EMIT_LOC_STRINGS = NO;
				SWIFT_VERSION = 5.0;
				TARGETED_DEVICE_FAMILY = "1,2";
				TEST_HOST = "$(BUILT_PRODUCTS_DIR)/mvvm+combine-swift.app/mvvm+combine-swift";
			};
			name = Debug;
		};
		C40C44CE27ABFD40006CA711 /* Release */ = {
			isa = XCBuildConfiguration;
			buildSettings = {
				ALWAYS_EMBED_SWIFT_STANDARD_LIBRARIES = YES;
				BUNDLE_LOADER = "$(TEST_HOST)";
				CODE_SIGN_STYLE = Automatic;
				CURRENT_PROJECT_VERSION = 1;
				DEVELOPMENT_TEAM = WG2UXQL3Q9;
				GENERATE_INFOPLIST_FILE = YES;
				IPHONEOS_DEPLOYMENT_TARGET = 15.2;
				MARKETING_VERSION = 1.0;
				PRODUCT_BUNDLE_IDENTIFIER = "br.com.joaoduartemariucio.study.mvvm-combine-swiftTests";
				PRODUCT_NAME = "$(TARGET_NAME)";
				SWIFT_EMIT_LOC_STRINGS = NO;
				SWIFT_VERSION = 5.0;
				TARGETED_DEVICE_FAMILY = "1,2";
				TEST_HOST = "$(BUILT_PRODUCTS_DIR)/mvvm+combine-swift.app/mvvm+combine-swift";
			};
			name = Release;
		};
		C40C44D027ABFD40006CA711 /* Debug */ = {
			isa = XCBuildConfiguration;
			buildSettings = {
				ALWAYS_EMBED_SWIFT_STANDARD_LIBRARIES = YES;
				CODE_SIGN_STYLE = Automatic;
				CURRENT_PROJECT_VERSION = 1;
				DEVELOPMENT_TEAM = WG2UXQL3Q9;
				GENERATE_INFOPLIST_FILE = YES;
				MARKETING_VERSION = 1.0;
				PRODUCT_BUNDLE_IDENTIFIER = "br.com.joaoduartemariucio.study.mvvm-combine-swiftUITests";
				PRODUCT_NAME = "$(TARGET_NAME)";
				SWIFT_EMIT_LOC_STRINGS = NO;
				SWIFT_VERSION = 5.0;
				TARGETED_DEVICE_FAMILY = "1,2";
				TEST_TARGET_NAME = "mvvm+combine-swift";
			};
			name = Debug;
		};
		C40C44D127ABFD40006CA711 /* Release */ = {
			isa = XCBuildConfiguration;
			buildSettings = {
				ALWAYS_EMBED_SWIFT_STANDARD_LIBRARIES = YES;
				CODE_SIGN_STYLE = Automatic;
				CURRENT_PROJECT_VERSION = 1;
				DEVELOPMENT_TEAM = WG2UXQL3Q9;
				GENERATE_INFOPLIST_FILE = YES;
				MARKETING_VERSION = 1.0;
				PRODUCT_BUNDLE_IDENTIFIER = "br.com.joaoduartemariucio.study.mvvm-combine-swiftUITests";
				PRODUCT_NAME = "$(TARGET_NAME)";
				SWIFT_EMIT_LOC_STRINGS = NO;
				SWIFT_VERSION = 5.0;
				TARGETED_DEVICE_FAMILY = "1,2";
				TEST_TARGET_NAME = "mvvm+combine-swift";
			};
			name = Release;
		};
/* End XCBuildConfiguration section */

/* Begin XCConfigurationList section */
		C40C449A27ABFD3A006CA711 /* Build configuration list for PBXProject "mvvm+combine-swift" */ = {
			isa = XCConfigurationList;
			buildConfigurations = (
				C40C44C727ABFD40006CA711 /* Debug */,
				C40C44C827ABFD40006CA711 /* Release */,
			);
			defaultConfigurationIsVisible = 0;
			defaultConfigurationName = Release;
		};
		C40C44C927ABFD40006CA711 /* Build configuration list for PBXNativeTarget "mvvm+combine-swift" */ = {
			isa = XCConfigurationList;
			buildConfigurations = (
				C40C44CA27ABFD40006CA711 /* Debug */,
				C40C44CB27ABFD40006CA711 /* Release */,
			);
			defaultConfigurationIsVisible = 0;
			defaultConfigurationName = Release;
		};
		C40C44CC27ABFD40006CA711 /* Build configuration list for PBXNativeTarget "mvvm+combine-swiftTests" */ = {
			isa = XCConfigurationList;
			buildConfigurations = (
				C40C44CD27ABFD40006CA711 /* Debug */,
				C40C44CE27ABFD40006CA711 /* Release */,
			);
			defaultConfigurationIsVisible = 0;
			defaultConfigurationName = Release;
		};
		C40C44CF27ABFD40006CA711 /* Build configuration list for PBXNativeTarget "mvvm+combine-swiftUITests" */ = {
			isa = XCConfigurationList;
			buildConfigurations = (
				C40C44D027ABFD40006CA711 /* Debug */,
				C40C44D127ABFD40006CA711 /* Release */,
			);
			defaultConfigurationIsVisible = 0;
			defaultConfigurationName = Release;
		};
/* End XCConfigurationList section */

/* Begin XCRemoteSwiftPackageReference section */
		C40C44E627AC127D006CA711 /* XCRemoteSwiftPackageReference "NVActivityIndicatorView" */ = {
			isa = XCRemoteSwiftPackageReference;
			repositoryURL = "https://github.com/ninjaprox/NVActivityIndicatorView.git";
			requirement = {
				kind = upToNextMajorVersion;
				minimumVersion = 5.0.0;
			};
		};
/* End XCRemoteSwiftPackageReference section */

/* Begin XCSwiftPackageProductDependency section */
		C40C44E727AC127D006CA711 /* NVActivityIndicatorView */ = {
			isa = XCSwiftPackageProductDependency;
			package = C40C44E627AC127D006CA711 /* XCRemoteSwiftPackageReference "NVActivityIndicatorView" */;
			productName = NVActivityIndicatorView;
		};
		C40C44E927AC127D006CA711 /* NVActivityIndicatorViewExtended */ = {
			isa = XCSwiftPackageProductDependency;
			package = C40C44E627AC127D006CA711 /* XCRemoteSwiftPackageReference "NVActivityIndicatorView" */;
			productName = NVActivityIndicatorViewExtended;
		};
/* End XCSwiftPackageProductDependency section */
	};
	rootObject = C40C449727ABFD3A006CA711 /* Project object */;
}
